
Microsoft Visual Studio Solution File, Format Version 12.00
# Visual Studio Version 17
VisualStudioVersion = 17.12.35514.174
MinimumVisualStudioVersion = 10.0.40219.1
Project("{2150E333-8FDC-42A3-9474-1A3956D46DE8}") = "Services", "Services", "{24D32D59-5791-4EB2-A586-66A3857984BE}"
EndProject
Project("{2150E333-8FDC-42A3-9474-1A3956D46DE8}") = "ApiGateways", "ApiGateways", "{00EE87B7-8DE3-4919-A5B7-2B7169239FAF}"
EndProject
Project("{2150E333-8FDC-42A3-9474-1A3956D46DE8}") = "BuildingBlocks", "BuildingBlocks", "{EF3F6287-BC04-40FE-AAFE-FE9D3631CC52}"
EndProject
Project("{2150E333-8FDC-42A3-9474-1A3956D46DE8}") = "User", "User", "{29EC6094-188B-400A-8A85-251467E65179}"
EndProject
Project("{2150E333-8FDC-42A3-9474-1A3956D46DE8}") = "Event", "Event", "{2BF9260C-687A-4897-9CE4-BBE04CF06C93}"
EndProject
Project("{2150E333-8FDC-42A3-9474-1A3956D46DE8}") = "Game", "Game", "{6F2A7ABC-544C-4476-9098-E23D3581EFA9}"
EndProject
Project("{2150E333-8FDC-42A3-9474-1A3956D46DE8}") = "Notification", "Notification", "{57AC8A2B-D8CB-45EC-AFFA-FE7A806A7DFF}"
EndProject
Project("{2150E333-8FDC-42A3-9474-1A3956D46DE8}") = "Payment", "Payment", "{93DF809E-B8B4-41AF-8495-CBD0A0FD9A34}"
EndProject
Project("{2150E333-8FDC-42A3-9474-1A3956D46DE8}") = "Media", "Media", "{32D90C46-FC4F-4788-8488-0B65F1581D35}"
EndProject
Project("{FAE04EC0-301F-11D3-BF4B-00C04F79EFBC}") = "User.API", "Services\User\User.API\User.API.csproj", "{6C2713AE-2E91-4E36-A2CA-132CD309E04E}"
EndProject
Project("{FAE04EC0-301F-11D3-BF4B-00C04F79EFBC}") = "User.Application", "Services\User\User.Application\User.Application.csproj", "{36F0D8B6-AD12-45EE-8F56-AF7DCD3F2D6C}"
EndProject
Project("{FAE04EC0-301F-11D3-BF4B-00C04F79EFBC}") = "User.Domain", "Services\User\User.Domain\User.Domain.csproj", "{0C78F599-5881-437C-AD9C-D71C0013F146}"
EndProject
Project("{FAE04EC0-301F-11D3-BF4B-00C04F79EFBC}") = "User.Infrastructure", "Services\User\User.Infrastructure\User.Infrastructure.csproj", "{F404F92F-BCE7-451B-9478-A763D0321001}"
EndProject
Project("{FAE04EC0-301F-11D3-BF4B-00C04F79EFBC}") = "Payment.API", "Services\Payment\Payment.API\Payment.API.csproj", "{6F8757C0-6265-4493-8C43-F30384E2C8C2}"
EndProject
Project("{FAE04EC0-301F-11D3-BF4B-00C04F79EFBC}") = "Notification.API", "Services\Notification\Notification.API\Notification.API.csproj", "{2A540624-1F28-49A7-B792-A6709479671A}"
EndProject
Project("{FAE04EC0-301F-11D3-BF4B-00C04F79EFBC}") = "Media.API", "Services\Media\Media.API\Media.API.csproj", "{E34506B8-E765-41E2-89CE-2472EEB8B4FB}"
EndProject
Project("{FAE04EC0-301F-11D3-BF4B-00C04F79EFBC}") = "Game.API", "Services\Game\Game.API\Game.API.csproj", "{78782311-9920-4FC0-A94D-660AC4A6D645}"
EndProject
Project("{FAE04EC0-301F-11D3-BF4B-00C04F79EFBC}") = "Event.API", "Services\Event\Event.API\Event.API.csproj", "{23D06D79-742C-4CFE-9838-81A16C752186}"
EndProject
Project("{FAE04EC0-301F-11D3-BF4B-00C04F79EFBC}") = "Event.Domain", "Services\Event\Event.Domain\Event.Domain.csproj", "{7A9B8E81-377F-45D9-A715-361ADE4C186C}"
EndProject
Project("{FAE04EC0-301F-11D3-BF4B-00C04F79EFBC}") = "Event.Application", "Services\Event\Event.Application\Event.Application.csproj", "{F8AD14EC-96DB-4B12-BCAF-F6948214968D}"
EndProject
Project("{FAE04EC0-301F-11D3-BF4B-00C04F79EFBC}") = "Event.Infrastructure", "Services\Event\Event.Infrastructure\Event.Infrastructure.csproj", "{DB9179A9-673A-4586-8E13-4D935FF13837}"
EndProject
Global
	GlobalSection(SolutionConfigurationPlatforms) = preSolution
		Debug|Any CPU = Debug|Any CPU
		Release|Any CPU = Release|Any CPU
	EndGlobalSection
	GlobalSection(ProjectConfigurationPlatforms) = postSolution
		{6C2713AE-2E91-4E36-A2CA-132CD309E04E}.Debug|Any CPU.ActiveCfg = Debug|Any CPU
		{6C2713AE-2E91-4E36-A2CA-132CD309E04E}.Debug|Any CPU.Build.0 = Debug|Any CPU
		{6C2713AE-2E91-4E36-A2CA-132CD309E04E}.Release|Any CPU.ActiveCfg = Release|Any CPU
		{6C2713AE-2E91-4E36-A2CA-132CD309E04E}.Release|Any CPU.Build.0 = Release|Any CPU
		{36F0D8B6-AD12-45EE-8F56-AF7DCD3F2D6C}.Debug|Any CPU.ActiveCfg = Debug|Any CPU
		{36F0D8B6-AD12-45EE-8F56-AF7DCD3F2D6C}.Debug|Any CPU.Build.0 = Debug|Any CPU
		{36F0D8B6-AD12-45EE-8F56-AF7DCD3F2D6C}.Release|Any CPU.ActiveCfg = Release|Any CPU
		{36F0D8B6-AD12-45EE-8F56-AF7DCD3F2D6C}.Release|Any CPU.Build.0 = Release|Any CPU
		{0C78F599-5881-437C-AD9C-D71C0013F146}.Debug|Any CPU.ActiveCfg = Debug|Any CPU
		{0C78F599-5881-437C-AD9C-D71C0013F146}.Debug|Any CPU.Build.0 = Debug|Any CPU
		{0C78F599-5881-437C-AD9C-D71C0013F146}.Release|Any CPU.ActiveCfg = Release|Any CPU
		{0C78F599-5881-437C-AD9C-D71C0013F146}.Release|Any CPU.Build.0 = Release|Any CPU
		{F404F92F-BCE7-451B-9478-A763D0321001}.Debug|Any CPU.ActiveCfg = Debug|Any CPU
		{F404F92F-BCE7-451B-9478-A763D0321001}.Debug|Any CPU.Build.0 = Debug|Any CPU
		{F404F92F-BCE7-451B-9478-A763D0321001}.Release|Any CPU.ActiveCfg = Release|Any CPU
		{F404F92F-BCE7-451B-9478-A763D0321001}.Release|Any CPU.Build.0 = Release|Any CPU
		{6F8757C0-6265-4493-8C43-F30384E2C8C2}.Debug|Any CPU.ActiveCfg = Debug|Any CPU
		{6F8757C0-6265-4493-8C43-F30384E2C8C2}.Debug|Any CPU.Build.0 = Debug|Any CPU
		{6F8757C0-6265-4493-8C43-F30384E2C8C2}.Release|Any CPU.ActiveCfg = Release|Any CPU
		{6F8757C0-6265-4493-8C43-F30384E2C8C2}.Release|Any CPU.Build.0 = Release|Any CPU
		{2A540624-1F28-49A7-B792-A6709479671A}.Debug|Any CPU.ActiveCfg = Debug|Any CPU
		{2A540624-1F28-49A7-B792-A6709479671A}.Debug|Any CPU.Build.0 = Debug|Any CPU
		{2A540624-1F28-49A7-B792-A6709479671A}.Release|Any CPU.ActiveCfg = Release|Any CPU
		{2A540624-1F28-49A7-B792-A6709479671A}.Release|Any CPU.Build.0 = Release|Any CPU
		{E34506B8-E765-41E2-89CE-2472EEB8B4FB}.Debug|Any CPU.ActiveCfg = Debug|Any CPU
		{E34506B8-E765-41E2-89CE-2472EEB8B4FB}.Debug|Any CPU.Build.0 = Debug|Any CPU
		{E34506B8-E765-41E2-89CE-2472EEB8B4FB}.Release|Any CPU.ActiveCfg = Release|Any CPU
		{E34506B8-E765-41E2-89CE-2472EEB8B4FB}.Release|Any CPU.Build.0 = Release|Any CPU
		{78782311-9920-4FC0-A94D-660AC4A6D645}.Debug|Any CPU.ActiveCfg = Debug|Any CPU
		{78782311-9920-4FC0-A94D-660AC4A6D645}.Debug|Any CPU.Build.0 = Debug|Any CPU
		{78782311-9920-4FC0-A94D-660AC4A6D645}.Release|Any CPU.ActiveCfg = Release|Any CPU
		{78782311-9920-4FC0-A94D-660AC4A6D645}.Release|Any CPU.Build.0 = Release|Any CPU
		{23D06D79-742C-4CFE-9838-81A16C752186}.Debug|Any CPU.ActiveCfg = Debug|Any CPU
		{23D06D79-742C-4CFE-9838-81A16C752186}.Debug|Any CPU.Build.0 = Debug|Any CPU
		{23D06D79-742C-4CFE-9838-81A16C752186}.Release|Any CPU.ActiveCfg = Release|Any CPU
		{23D06D79-742C-4CFE-9838-81A16C752186}.Release|Any CPU.Build.0 = Release|Any CPU
		{7A9B8E81-377F-45D9-A715-361ADE4C186C}.Debug|Any CPU.ActiveCfg = Debug|Any CPU
		{7A9B8E81-377F-45D9-A715-361ADE4C186C}.Debug|Any CPU.Build.0 = Debug|Any CPU
		{7A9B8E81-377F-45D9-A715-361ADE4C186C}.Release|Any CPU.ActiveCfg = Release|Any CPU
		{7A9B8E81-377F-45D9-A715-361ADE4C186C}.Release|Any CPU.Build.0 = Release|Any CPU
		{F8AD14EC-96DB-4B12-BCAF-F6948214968D}.Debug|Any CPU.ActiveCfg = Debug|Any CPU
		{F8AD14EC-96DB-4B12-BCAF-F6948214968D}.Debug|Any CPU.Build.0 = Debug|Any CPU
		{F8AD14EC-96DB-4B12-BCAF-F6948214968D}.Release|Any CPU.ActiveCfg = Release|Any CPU
		{F8AD14EC-96DB-4B12-BCAF-F6948214968D}.Release|Any CPU.Build.0 = Release|Any CPU
		{DB9179A9-673A-4586-8E13-4D935FF13837}.Debug|Any CPU.ActiveCfg = Debug|Any CPU
		{DB9179A9-673A-4586-8E13-4D935FF13837}.Debug|Any CPU.Build.0 = Debug|Any CPU
		{DB9179A9-673A-4586-8E13-4D935FF13837}.Release|Any CPU.ActiveCfg = Release|Any CPU
		{DB9179A9-673A-4586-8E13-4D935FF13837}.Release|Any CPU.Build.0 = Release|Any CPU
	EndGlobalSection
	GlobalSection(SolutionProperties) = preSolution
		HideSolutionNode = FALSE
	EndGlobalSection
	GlobalSection(NestedProjects) = preSolution
		{29EC6094-188B-400A-8A85-251467E65179} = {24D32D59-5791-4EB2-A586-66A3857984BE}
		{2BF9260C-687A-4897-9CE4-BBE04CF06C93} = {24D32D59-5791-4EB2-A586-66A3857984BE}
		{6F2A7ABC-544C-4476-9098-E23D3581EFA9} = {24D32D59-5791-4EB2-A586-66A3857984BE}
		{57AC8A2B-D8CB-45EC-AFFA-FE7A806A7DFF} = {24D32D59-5791-4EB2-A586-66A3857984BE}
		{93DF809E-B8B4-41AF-8495-CBD0A0FD9A34} = {24D32D59-5791-4EB2-A586-66A3857984BE}
		{32D90C46-FC4F-4788-8488-0B65F1581D35} = {24D32D59-5791-4EB2-A586-66A3857984BE}
		{6C2713AE-2E91-4E36-A2CA-132CD309E04E} = {29EC6094-188B-400A-8A85-251467E65179}
		{36F0D8B6-AD12-45EE-8F56-AF7DCD3F2D6C} = {29EC6094-188B-400A-8A85-251467E65179}
		{0C78F599-5881-437C-AD9C-D71C0013F146} = {29EC6094-188B-400A-8A85-251467E65179}
		{F404F92F-BCE7-451B-9478-A763D0321001} = {29EC6094-188B-400A-8A85-251467E65179}
		{6F8757C0-6265-4493-8C43-F30384E2C8C2} = {93DF809E-B8B4-41AF-8495-CBD0A0FD9A34}
		{2A540624-1F28-49A7-B792-A6709479671A} = {57AC8A2B-D8CB-45EC-AFFA-FE7A806A7DFF}
		{E34506B8-E765-41E2-89CE-2472EEB8B4FB} = {32D90C46-FC4F-4788-8488-0B65F1581D35}
		{78782311-9920-4FC0-A94D-660AC4A6D645} = {6F2A7ABC-544C-4476-9098-E23D3581EFA9}
		{23D06D79-742C-4CFE-9838-81A16C752186} = {2BF9260C-687A-4897-9CE4-BBE04CF06C93}
		{7A9B8E81-377F-45D9-A715-361ADE4C186C} = {2BF9260C-687A-4897-9CE4-BBE04CF06C93}
		{F8AD14EC-96DB-4B12-BCAF-F6948214968D} = {2BF9260C-687A-4897-9CE4-BBE04CF06C93}
		{DB9179A9-673A-4586-8E13-4D935FF13837} = {2BF9260C-687A-4897-9CE4-BBE04CF06C93}
	EndGlobalSection
EndGlobal
