
Microsoft Visual Studio Solution File, Format Version 12.00
# Visual Studio Version 17
VisualStudioVersion = 17.12.35514.174
MinimumVisualStudioVersion = 10.0.40219.1
Project("{2150E333-8FDC-42A3-9474-1A3956D46DE8}") = "Services", "Services", "{24D32D59-5791-4EB2-A586-66A3857984BE}"
EndProject
Project("{2150E333-8FDC-42A3-9474-1A3956D46DE8}") = "ApiGateways", "ApiGateways", "{00EE87B7-8DE3-4919-A5B7-2B7169239FAF}"
EndProject
Project("{2150E333-8FDC-42A3-9474-1A3956D46DE8}") = "BuildingBlocks", "BuildingBlocks", "{EF3F6287-BC04-40FE-AAFE-FE9D3631CC52}"
EndProject
Project("{FAE04EC0-301F-11D3-BF4B-00C04F79EFBC}") = "YarpApiGateway", "ApiGateways\YarpApiGateway\YarpApiGateway.csproj", "{FD39F45C-0657-463E-AAFC-F541F2C37F95}"
EndProject
Project("{2150E333-8FDC-42A3-9474-1A3956D46DE8}") = "EventService", "EventService", "{7915791A-0349-4562-9B28-B29281001252}"
EndProject
Project("{FAE04EC0-301F-11D3-BF4B-00C04F79EFBC}") = "EventService.API", "Services\EventService\EventService.API\EventService.API.csproj", "{83A01EDD-860D-4B52-84E0-CC840A5E2763}"
EndProject
Project("{2150E333-8FDC-42A3-9474-1A3956D46DE8}") = "GameService", "GameService", "{B5FFBC46-9ABB-4126-8219-72FFE77D68DC}"
EndProject
Project("{FAE04EC0-301F-11D3-BF4B-00C04F79EFBC}") = "GameService.API", "Services\GameService\GameService.API\GameService.API.csproj", "{DCA2C98F-A5DC-468B-95DD-410BD966DBE8}"
EndProject
Project("{2150E333-8FDC-42A3-9474-1A3956D46DE8}") = "MediaService", "MediaService", "{954D1007-799B-421D-928E-397C63E1F4C0}"
EndProject
Project("{FAE04EC0-301F-11D3-BF4B-00C04F79EFBC}") = "MediaService.API", "Services\MediaService\MediaService.API\MediaService.API.csproj", "{612A7A38-95C0-46A7-A18F-1895BD8E45AD}"
EndProject
Project("{2150E333-8FDC-42A3-9474-1A3956D46DE8}") = "NotificationService", "NotificationService", "{B81E3E32-5351-41AC-91F7-AAD74442E3DF}"
EndProject
Project("{FAE04EC0-301F-11D3-BF4B-00C04F79EFBC}") = "NotificationService.API", "Services\NotificationService\NotificationService.API\NotificationService.API.csproj", "{4B69CF0C-C3A3-4D02-A73F-72AE494755DA}"
EndProject
Project("{2150E333-8FDC-42A3-9474-1A3956D46DE8}") = "PaymentService", "PaymentService", "{6D87257C-287F-4DA0-BD87-19B79EC844E6}"
EndProject
Project("{FAE04EC0-301F-11D3-BF4B-00C04F79EFBC}") = "PaymentService.API", "Services\PaymentService\PaymentService.API\PaymentService.API.csproj", "{CFAFCE84-1E30-4D30-BF9A-8BE3F6B68697}"
EndProject
Project("{2150E333-8FDC-42A3-9474-1A3956D46DE8}") = "UserService", "UserService", "{4753AF21-33E0-4FD1-9EA1-A57D73B31990}"
EndProject
Project("{FAE04EC0-301F-11D3-BF4B-00C04F79EFBC}") = "UserService.API", "Services\UserService\UserService.API\UserService.API.csproj", "{1A87EB81-8BD1-4A1A-811B-B88B69D19A59}"
EndProject
Project("{FAE04EC0-301F-11D3-BF4B-00C04F79EFBC}") = "UserService.Application", "Services\UserService\UserService.Application\UserService.Application.csproj", "{EDEA39A4-9D7E-4F99-8155-DB8B61BCD275}"
EndProject
Project("{FAE04EC0-301F-11D3-BF4B-00C04F79EFBC}") = "UserService.Domain", "Services\UserService\UserService.Domain\UserService.Domain.csproj", "{7CFA0614-5BAC-4686-B8C3-461E1964883C}"
EndProject
Project("{FAE04EC0-301F-11D3-BF4B-00C04F79EFBC}") = "UserService.Infrastructure", "Services\UserService\UserService.Infrastructure\UserService.Infrastructure.csproj", "{F52E6DB5-12FB-41BD-95CE-252B6829A5A6}"
EndProject
Project("{FAE04EC0-301F-11D3-BF4B-00C04F79EFBC}") = "BuildingBlocks", "BuildingBlocks\BuildingBlocks\BuildingBlocks.csproj", "{1627E7C4-4772-4832-AF21-A78D2A677096}"
EndProject
Project("{FAE04EC0-301F-11D3-BF4B-00C04F79EFBC}") = "BuildingBlocks.Auth", "BuildingBlocks\BuildingBlocks.Auth\BuildingBlocks.Auth.csproj", "{65355B45-ACB5-485C-A07E-28429E003680}"
EndProject
Project("{E53339B2-1760-4266-BCC7-CA923CBCF16C}") = "docker-compose", "docker-compose.dcproj", "{6A1B7C5D-253F-4EC2-8B6D-C71FFBFE2D6F}"
EndProject
Project("{2150E333-8FDC-42A3-9474-1A3956D46DE8}") = "VoucherService", "VoucherService", "{688385C8-BB5C-4C8D-8941-9EE83FA48504}"
EndProject
Project("{FAE04EC0-301F-11D3-BF4B-00C04F79EFBC}") = "VoucherService.API", "Services\VoucherService\VoucherService.API\VoucherService.API.csproj", "{BB4A56A2-111E-4059-91B1-9D5644E67E6E}"
EndProject
Global
	GlobalSection(SolutionConfigurationPlatforms) = preSolution
		Debug|Any CPU = Debug|Any CPU
		Release|Any CPU = Release|Any CPU
	EndGlobalSection
	GlobalSection(ProjectConfigurationPlatforms) = postSolution
		{FD39F45C-0657-463E-AAFC-F541F2C37F95}.Debug|Any CPU.ActiveCfg = Debug|Any CPU
		{FD39F45C-0657-463E-AAFC-F541F2C37F95}.Debug|Any CPU.Build.0 = Debug|Any CPU
		{FD39F45C-0657-463E-AAFC-F541F2C37F95}.Release|Any CPU.ActiveCfg = Release|Any CPU
		{FD39F45C-0657-463E-AAFC-F541F2C37F95}.Release|Any CPU.Build.0 = Release|Any CPU
		{83A01EDD-860D-4B52-84E0-CC840A5E2763}.Debug|Any CPU.ActiveCfg = Debug|Any CPU
		{83A01EDD-860D-4B52-84E0-CC840A5E2763}.Debug|Any CPU.Build.0 = Debug|Any CPU
		{83A01EDD-860D-4B52-84E0-CC840A5E2763}.Release|Any CPU.ActiveCfg = Release|Any CPU
		{83A01EDD-860D-4B52-84E0-CC840A5E2763}.Release|Any CPU.Build.0 = Release|Any CPU
		{DCA2C98F-A5DC-468B-95DD-410BD966DBE8}.Debug|Any CPU.ActiveCfg = Debug|Any CPU
		{DCA2C98F-A5DC-468B-95DD-410BD966DBE8}.Debug|Any CPU.Build.0 = Debug|Any CPU
		{DCA2C98F-A5DC-468B-95DD-410BD966DBE8}.Release|Any CPU.ActiveCfg = Release|Any CPU
		{DCA2C98F-A5DC-468B-95DD-410BD966DBE8}.Release|Any CPU.Build.0 = Release|Any CPU
		{612A7A38-95C0-46A7-A18F-1895BD8E45AD}.Debug|Any CPU.ActiveCfg = Debug|Any CPU
		{612A7A38-95C0-46A7-A18F-1895BD8E45AD}.Debug|Any CPU.Build.0 = Debug|Any CPU
		{612A7A38-95C0-46A7-A18F-1895BD8E45AD}.Release|Any CPU.ActiveCfg = Release|Any CPU
		{612A7A38-95C0-46A7-A18F-1895BD8E45AD}.Release|Any CPU.Build.0 = Release|Any CPU
		{4B69CF0C-C3A3-4D02-A73F-72AE494755DA}.Debug|Any CPU.ActiveCfg = Debug|Any CPU
		{4B69CF0C-C3A3-4D02-A73F-72AE494755DA}.Debug|Any CPU.Build.0 = Debug|Any CPU
		{4B69CF0C-C3A3-4D02-A73F-72AE494755DA}.Release|Any CPU.ActiveCfg = Release|Any CPU
		{4B69CF0C-C3A3-4D02-A73F-72AE494755DA}.Release|Any CPU.Build.0 = Release|Any CPU
		{CFAFCE84-1E30-4D30-BF9A-8BE3F6B68697}.Debug|Any CPU.ActiveCfg = Debug|Any CPU
		{CFAFCE84-1E30-4D30-BF9A-8BE3F6B68697}.Debug|Any CPU.Build.0 = Debug|Any CPU
		{CFAFCE84-1E30-4D30-BF9A-8BE3F6B68697}.Release|Any CPU.ActiveCfg = Release|Any CPU
		{CFAFCE84-1E30-4D30-BF9A-8BE3F6B68697}.Release|Any CPU.Build.0 = Release|Any CPU
		{1A87EB81-8BD1-4A1A-811B-B88B69D19A59}.Debug|Any CPU.ActiveCfg = Debug|Any CPU
		{1A87EB81-8BD1-4A1A-811B-B88B69D19A59}.Debug|Any CPU.Build.0 = Debug|Any CPU
		{1A87EB81-8BD1-4A1A-811B-B88B69D19A59}.Release|Any CPU.ActiveCfg = Release|Any CPU
		{1A87EB81-8BD1-4A1A-811B-B88B69D19A59}.Release|Any CPU.Build.0 = Release|Any CPU
		{EDEA39A4-9D7E-4F99-8155-DB8B61BCD275}.Debug|Any CPU.ActiveCfg = Debug|Any CPU
		{EDEA39A4-9D7E-4F99-8155-DB8B61BCD275}.Debug|Any CPU.Build.0 = Debug|Any CPU
		{EDEA39A4-9D7E-4F99-8155-DB8B61BCD275}.Release|Any CPU.ActiveCfg = Release|Any CPU
		{EDEA39A4-9D7E-4F99-8155-DB8B61BCD275}.Release|Any CPU.Build.0 = Release|Any CPU
		{7CFA0614-5BAC-4686-B8C3-461E1964883C}.Debug|Any CPU.ActiveCfg = Debug|Any CPU
		{7CFA0614-5BAC-4686-B8C3-461E1964883C}.Debug|Any CPU.Build.0 = Debug|Any CPU
		{7CFA0614-5BAC-4686-B8C3-461E1964883C}.Release|Any CPU.ActiveCfg = Release|Any CPU
		{7CFA0614-5BAC-4686-B8C3-461E1964883C}.Release|Any CPU.Build.0 = Release|Any CPU
		{F52E6DB5-12FB-41BD-95CE-252B6829A5A6}.Debug|Any CPU.ActiveCfg = Debug|Any CPU
		{F52E6DB5-12FB-41BD-95CE-252B6829A5A6}.Debug|Any CPU.Build.0 = Debug|Any CPU
		{F52E6DB5-12FB-41BD-95CE-252B6829A5A6}.Release|Any CPU.ActiveCfg = Release|Any CPU
		{F52E6DB5-12FB-41BD-95CE-252B6829A5A6}.Release|Any CPU.Build.0 = Release|Any CPU
		{1627E7C4-4772-4832-AF21-A78D2A677096}.Debug|Any CPU.ActiveCfg = Debug|Any CPU
		{1627E7C4-4772-4832-AF21-A78D2A677096}.Debug|Any CPU.Build.0 = Debug|Any CPU
		{1627E7C4-4772-4832-AF21-A78D2A677096}.Release|Any CPU.ActiveCfg = Release|Any CPU
		{1627E7C4-4772-4832-AF21-A78D2A677096}.Release|Any CPU.Build.0 = Release|Any CPU
		{65355B45-ACB5-485C-A07E-28429E003680}.Debug|Any CPU.ActiveCfg = Debug|Any CPU
		{65355B45-ACB5-485C-A07E-28429E003680}.Debug|Any CPU.Build.0 = Debug|Any CPU
		{65355B45-ACB5-485C-A07E-28429E003680}.Release|Any CPU.ActiveCfg = Release|Any CPU
		{65355B45-ACB5-485C-A07E-28429E003680}.Release|Any CPU.Build.0 = Release|Any CPU
		{6A1B7C5D-253F-4EC2-8B6D-C71FFBFE2D6F}.Debug|Any CPU.ActiveCfg = Debug|Any CPU
		{6A1B7C5D-253F-4EC2-8B6D-C71FFBFE2D6F}.Debug|Any CPU.Build.0 = Debug|Any CPU
		{6A1B7C5D-253F-4EC2-8B6D-C71FFBFE2D6F}.Release|Any CPU.ActiveCfg = Release|Any CPU
		{6A1B7C5D-253F-4EC2-8B6D-C71FFBFE2D6F}.Release|Any CPU.Build.0 = Release|Any CPU
		{BB4A56A2-111E-4059-91B1-9D5644E67E6E}.Debug|Any CPU.ActiveCfg = Debug|Any CPU
		{BB4A56A2-111E-4059-91B1-9D5644E67E6E}.Debug|Any CPU.Build.0 = Debug|Any CPU
		{BB4A56A2-111E-4059-91B1-9D5644E67E6E}.Release|Any CPU.ActiveCfg = Release|Any CPU
		{BB4A56A2-111E-4059-91B1-9D5644E67E6E}.Release|Any CPU.Build.0 = Release|Any CPU
	EndGlobalSection
	GlobalSection(SolutionProperties) = preSolution
		HideSolutionNode = FALSE
	EndGlobalSection
	GlobalSection(NestedProjects) = preSolution
		{FD39F45C-0657-463E-AAFC-F541F2C37F95} = {00EE87B7-8DE3-4919-A5B7-2B7169239FAF}
		{7915791A-0349-4562-9B28-B29281001252} = {24D32D59-5791-4EB2-A586-66A3857984BE}
		{83A01EDD-860D-4B52-84E0-CC840A5E2763} = {7915791A-0349-4562-9B28-B29281001252}
		{B5FFBC46-9ABB-4126-8219-72FFE77D68DC} = {24D32D59-5791-4EB2-A586-66A3857984BE}
		{DCA2C98F-A5DC-468B-95DD-410BD966DBE8} = {B5FFBC46-9ABB-4126-8219-72FFE77D68DC}
		{954D1007-799B-421D-928E-397C63E1F4C0} = {24D32D59-5791-4EB2-A586-66A3857984BE}
		{612A7A38-95C0-46A7-A18F-1895BD8E45AD} = {954D1007-799B-421D-928E-397C63E1F4C0}
		{B81E3E32-5351-41AC-91F7-AAD74442E3DF} = {24D32D59-5791-4EB2-A586-66A3857984BE}
		{4B69CF0C-C3A3-4D02-A73F-72AE494755DA} = {B81E3E32-5351-41AC-91F7-AAD74442E3DF}
		{6D87257C-287F-4DA0-BD87-19B79EC844E6} = {24D32D59-5791-4EB2-A586-66A3857984BE}
		{CFAFCE84-1E30-4D30-BF9A-8BE3F6B68697} = {6D87257C-287F-4DA0-BD87-19B79EC844E6}
		{4753AF21-33E0-4FD1-9EA1-A57D73B31990} = {24D32D59-5791-4EB2-A586-66A3857984BE}
		{1A87EB81-8BD1-4A1A-811B-B88B69D19A59} = {4753AF21-33E0-4FD1-9EA1-A57D73B31990}
		{EDEA39A4-9D7E-4F99-8155-DB8B61BCD275} = {4753AF21-33E0-4FD1-9EA1-A57D73B31990}
		{7CFA0614-5BAC-4686-B8C3-461E1964883C} = {4753AF21-33E0-4FD1-9EA1-A57D73B31990}
		{F52E6DB5-12FB-41BD-95CE-252B6829A5A6} = {4753AF21-33E0-4FD1-9EA1-A57D73B31990}
		{1627E7C4-4772-4832-AF21-A78D2A677096} = {EF3F6287-BC04-40FE-AAFE-FE9D3631CC52}
		{65355B45-ACB5-485C-A07E-28429E003680} = {EF3F6287-BC04-40FE-AAFE-FE9D3631CC52}
		{688385C8-BB5C-4C8D-8941-9EE83FA48504} = {24D32D59-5791-4EB2-A586-66A3857984BE}
		{BB4A56A2-111E-4059-91B1-9D5644E67E6E} = {688385C8-BB5C-4C8D-8941-9EE83FA48504}
	EndGlobalSection
EndGlobal
